
Microsoft Visual Studio Solution File, Format Version 11.00
# Visual Studio 2010
Project("{8BC9CEB8-8B4A-11D0-8D11-00A0C91BC942}") = "Lorenz SZ40 - Assignment 2", "Lorenz SZ40 - Assignment 2\Lorenz SZ40 - Assignment 2.vcxproj", "{A9C9E016-0BBD-4B47-B57F-4AF9263A4DBB}"
EndProject
Global
	GlobalSection(SolutionConfigurationPlatforms) = preSolution
		Debug|Win32 = Debug|Win32
		Release|Win32 = Release|Win32
	EndGlobalSection
	GlobalSection(ProjectConfigurationPlatforms) = postSolution
		{A9C9E016-0BBD-4B47-B57F-4AF9263A4DBB}.Debug|Win32.ActiveCfg = Debug|Win32
		{A9C9E016-0BBD-4B47-B57F-4AF9263A4DBB}.Debug|Win32.Build.0 = Debug|Win32
		{A9C9E016-0BBD-4B47-B57F-4AF9263A4DBB}.Release|Win32.ActiveCfg = Release|Win32
		{A9C9E016-0BBD-4B47-B57F-4AF9263A4DBB}.Release|Win32.Build.0 = Release|Win32
	EndGlobalSection
	GlobalSection(SolutionProperties) = preSolution
		HideSolutionNode = FALSE
	EndGlobalSection
EndGlobal
